
Microsoft Visual Studio Solution File, Format Version 12.00
# Visual Studio Version 17
VisualStudioVersion = 17.4.33122.133
MinimumVisualStudioVersion = 10.0.40219.1
Project("{FAE04EC0-301F-11D3-BF4B-00C04F79EFBC}") = "finalYearProject", "finalYearProject.csproj", "{F69B2E95-B13E-472A-B6E7-5A3005C573EB}"
EndProject
Global
	GlobalSection(SolutionConfigurationPlatforms) = preSolution
		Debug|Any CPU = Debug|Any CPU
		Release|Any CPU = Release|Any CPU
	EndGlobalSection
	GlobalSection(ProjectConfigurationPlatforms) = postSolution
		{F69B2E95-B13E-472A-B6E7-5A3005C573EB}.Debug|Any CPU.ActiveCfg = Debug|Any CPU
		{F69B2E95-B13E-472A-B6E7-5A3005C573EB}.Debug|Any CPU.Build.0 = Debug|Any CPU
		{F69B2E95-B13E-472A-B6E7-5A3005C573EB}.Release|Any CPU.ActiveCfg = Release|Any CPU
		{F69B2E95-B13E-472A-B6E7-5A3005C573EB}.Release|Any CPU.Build.0 = Release|Any CPU
	EndGlobalSection
	GlobalSection(SolutionProperties) = preSolution
		HideSolutionNode = FALSE
	EndGlobalSection
	GlobalSection(ExtensibilityGlobals) = postSolution
		SolutionGuid = {209DBE85-D9E1-4879-9CA4-C8EE3D054F72}
	EndGlobalSection
EndGlobal
